
Microsoft Visual Studio Solution File, Format Version 12.00
# Visual Studio Version 16
VisualStudioVersion = 16.0.31624.102
MinimumVisualStudioVersion = 10.0.40219.1
Project("{FAE04EC0-301F-11D3-BF4B-00C04F79EFBC}") = "lab2", "lab2\lab2.csproj", "{D1096E0C-F38A-4AC2-B771-3A06A7A9B6DC}"
EndProject
Global
	GlobalSection(SolutionConfigurationPlatforms) = preSolution
		Debug|Any CPU = Debug|Any CPU
		Release|Any CPU = Release|Any CPU
	EndGlobalSection
	GlobalSection(ProjectConfigurationPlatforms) = postSolution
		{D1096E0C-F38A-4AC2-B771-3A06A7A9B6DC}.Debug|Any CPU.ActiveCfg = Debug|Any CPU
		{D1096E0C-F38A-4AC2-B771-3A06A7A9B6DC}.Debug|Any CPU.Build.0 = Debug|Any CPU
		{D1096E0C-F38A-4AC2-B771-3A06A7A9B6DC}.Release|Any CPU.ActiveCfg = Release|Any CPU
		{D1096E0C-F38A-4AC2-B771-3A06A7A9B6DC}.Release|Any CPU.Build.0 = Release|Any CPU
	EndGlobalSection
	GlobalSection(SolutionProperties) = preSolution
		HideSolutionNode = FALSE
	EndGlobalSection
	GlobalSection(ExtensibilityGlobals) = postSolution
		SolutionGuid = {4486C7A8-07DA-4C7C-893F-0B37515CE277}
	EndGlobalSection
EndGlobal
